
Microsoft Visual Studio Solution File, Format Version 12.00
# Visual Studio Version 17
VisualStudioVersion = 17.8.34511.84
MinimumVisualStudioVersion = 10.0.40219.1
Project("{FAE04EC0-301F-11D3-BF4B-00C04F79EFBC}") = "QuanLyNhaHang", "QuanLyNhaHang\QuanLyNhaHang.csproj", "{B1CC16F3-6745-4EF3-B0F3-0559EC59DFAF}"
EndProject
Global
	GlobalSection(SolutionConfigurationPlatforms) = preSolution
		Debug|Any CPU = Debug|Any CPU
		Release|Any CPU = Release|Any CPU
	EndGlobalSection
	GlobalSection(ProjectConfigurationPlatforms) = postSolution
		{B1CC16F3-6745-4EF3-B0F3-0559EC59DFAF}.Debug|Any CPU.ActiveCfg = Debug|Any CPU
		{B1CC16F3-6745-4EF3-B0F3-0559EC59DFAF}.Debug|Any CPU.Build.0 = Debug|Any CPU
		{B1CC16F3-6745-4EF3-B0F3-0559EC59DFAF}.Release|Any CPU.ActiveCfg = Release|Any CPU
		{B1CC16F3-6745-4EF3-B0F3-0559EC59DFAF}.Release|Any CPU.Build.0 = Release|Any CPU
	EndGlobalSection
	GlobalSection(SolutionProperties) = preSolution
		HideSolutionNode = FALSE
	EndGlobalSection
	GlobalSection(ExtensibilityGlobals) = postSolution
		SolutionGuid = {0DE57523-AFC3-49B9-938E-8A333D52D7B6}
	EndGlobalSection
EndGlobal
